
Microsoft Visual Studio Solution File, Format Version 11.00
# Visual Studio 2010
Project("{FAE04EC0-301F-11D3-BF4B-00C04F79EFBC}") = "Assembly-CSharp", "Assembly-CSharp.csproj", "{3D7BE82A-7B49-3B35-40DB-BC39476A2545}"
EndProject
Project("{FAE04EC0-301F-11D3-BF4B-00C04F79EFBC}") = "Assembly-CSharp-Editor-firstpass", "Assembly-CSharp-Editor-firstpass.csproj", "{7144D642-75BB-E955-FAE9-990F2223DDC5}"
EndProject
Project("{FAE04EC0-301F-11D3-BF4B-00C04F79EFBC}") = "Assembly-CSharp-Editor", "Assembly-CSharp-Editor.csproj", "{19DCB5DD-CFC6-292E-ED22-FB6B2D9AD72C}"
EndProject
Global
	GlobalSection(SolutionConfigurationPlatforms) = preSolution
		Debug|Any CPU = Debug|Any CPU
		Release|Any CPU = Release|Any CPU
	EndGlobalSection
	GlobalSection(ProjectConfigurationPlatforms) = postSolution
		{3D7BE82A-7B49-3B35-40DB-BC39476A2545}.Debug|Any CPU.ActiveCfg = Debug|Any CPU
		{3D7BE82A-7B49-3B35-40DB-BC39476A2545}.Debug|Any CPU.Build.0 = Debug|Any CPU
		{3D7BE82A-7B49-3B35-40DB-BC39476A2545}.Release|Any CPU.ActiveCfg = Release|Any CPU
		{3D7BE82A-7B49-3B35-40DB-BC39476A2545}.Release|Any CPU.Build.0 = Release|Any CPU
		{7144D642-75BB-E955-FAE9-990F2223DDC5}.Debug|Any CPU.ActiveCfg = Debug|Any CPU
		{7144D642-75BB-E955-FAE9-990F2223DDC5}.Debug|Any CPU.Build.0 = Debug|Any CPU
		{7144D642-75BB-E955-FAE9-990F2223DDC5}.Release|Any CPU.ActiveCfg = Release|Any CPU
		{7144D642-75BB-E955-FAE9-990F2223DDC5}.Release|Any CPU.Build.0 = Release|Any CPU
		{19DCB5DD-CFC6-292E-ED22-FB6B2D9AD72C}.Debug|Any CPU.ActiveCfg = Debug|Any CPU
		{19DCB5DD-CFC6-292E-ED22-FB6B2D9AD72C}.Debug|Any CPU.Build.0 = Debug|Any CPU
		{19DCB5DD-CFC6-292E-ED22-FB6B2D9AD72C}.Release|Any CPU.ActiveCfg = Release|Any CPU
		{19DCB5DD-CFC6-292E-ED22-FB6B2D9AD72C}.Release|Any CPU.Build.0 = Release|Any CPU
	EndGlobalSection
	GlobalSection(SolutionProperties) = preSolution
		HideSolutionNode = FALSE
	EndGlobalSection
EndGlobal
